github.com/go-cmd/cmd v1.4.3 h1:6y3G+3UqPerXvPcXvj+5QNPHT02BUw7p6PsqRxLNA7Y=
github.com/go-cmd/cmd v1.4.3/go.mod h1:u3hxg/ry+D5kwh8WvUkHLAMe2zQCaXd00t35WfQaOFk=
github.com/rabbitmq/amqp091-go v1.11.0 h1:HxIctVm9Gid/Vtn706necmZ7Wj6pgGI2eqplRbEY8O8=
github.com/rabbitmq/amqp091-go v1.11.0/go.mod h1:Hy4jKW5kQART1u+JkDTF9YYOQUHXqMuhrgxOEeS7G4o=
